
Microsoft Visual Studio Solution File, Format Version 12.00
# Visual Studio Version 17
VisualStudioVersion = 17.5.33502.453
MinimumVisualStudioVersion = 10.0.40219.1
Project("{FAE04EC0-301F-11D3-BF4B-00C04F79EFBC}") = "FYPM", "FYPM.csproj", "{C3863D62-2983-4B45-BA82-2E141C3A93A1}"
EndProject
Global
	GlobalSection(SolutionConfigurationPlatforms) = preSolution
		Debug|Any CPU = Debug|Any CPU
		Release|Any CPU = Release|Any CPU
	EndGlobalSection
	GlobalSection(ProjectConfigurationPlatforms) = postSolution
		{C3863D62-2983-4B45-BA82-2E141C3A93A1}.Debug|Any CPU.ActiveCfg = Debug|Any CPU
		{C3863D62-2983-4B45-BA82-2E141C3A93A1}.Debug|Any CPU.Build.0 = Debug|Any CPU
		{C3863D62-2983-4B45-BA82-2E141C3A93A1}.Release|Any CPU.ActiveCfg = Release|Any CPU
		{C3863D62-2983-4B45-BA82-2E141C3A93A1}.Release|Any CPU.Build.0 = Release|Any CPU
	EndGlobalSection
	GlobalSection(SolutionProperties) = preSolution
		HideSolutionNode = FALSE
	EndGlobalSection
	GlobalSection(ExtensibilityGlobals) = postSolution
		SolutionGuid = {798D982C-981C-418D-8F06-0FA99F2CC6AE}
	EndGlobalSection
EndGlobal
